// !$*UTF8*$!
{
	archiveVersion = 1;
	classes = {
	};
	objectVersion = 55;
	objects = {

/* Begin PBXBuildFile section */
		602C921C54C3DB60FC4D2FCB /* Pods_Instagram_Clone.framework in Frameworks */ = {isa = PBXBuildFile; fileRef = 6BF013EF7F61D41DB21139A8 /* Pods_Instagram_Clone.framework */; };
		CF029A2B279262D90071F4A6 /* CommentCell.swift in Sources */ = {isa = PBXBuildFile; fileRef = CF029A2A279262D90071F4A6 /* CommentCell.swift */; };
		CF7ADF072788F19E0054F491 /* AppDelegate.swift in Sources */ = {isa = PBXBuildFile; fileRef = CF7ADF062788F19E0054F491 /* AppDelegate.swift */; };
		CF7ADF092788F19E0054F491 /* SceneDelegate.swift in Sources */ = {isa = PBXBuildFile; fileRef = CF7ADF082788F19E0054F491 /* SceneDelegate.swift */; };
		CF7ADF0E2788F19E0054F491 /* Main.storyboard in Resources */ = {isa = PBXBuildFile; fileRef = CF7ADF0C2788F19E0054F491 /* Main.storyboard */; };
		CF7ADF102788F1A20054F491 /* Assets.xcassets in Resources */ = {isa = PBXBuildFile; fileRef = CF7ADF0F2788F1A20054F491 /* Assets.xcassets */; };
		CF7ADF132788F1A20054F491 /* LaunchScreen.storyboard in Resources */ = {isa = PBXBuildFile; fileRef = CF7ADF112788F1A20054F491 /* LaunchScreen.storyboard */; };
		CF7ADF1E2788F1A20054F491 /* Instagram_CloneTests.swift in Sources */ = {isa = PBXBuildFile; fileRef = CF7ADF1D2788F1A20054F491 /* Instagram_CloneTests.swift */; };
		CF7ADF282788F1A20054F491 /* Instagram_CloneUITests.swift in Sources */ = {isa = PBXBuildFile; fileRef = CF7ADF272788F1A20054F491 /* Instagram_CloneUITests.swift */; };
		CF7ADF2A2788F1A20054F491 /* Instagram_CloneUITestsLaunchTests.swift in Sources */ = {isa = PBXBuildFile; fileRef = CF7ADF292788F1A20054F491 /* Instagram_CloneUITestsLaunchTests.swift */; };
		CF7ADF372788FB540054F491 /* LoginViewController.swift in Sources */ = {isa = PBXBuildFile; fileRef = CF7ADF362788FB540054F491 /* LoginViewController.swift */; };
		CF7ADF392788FB7D0054F491 /* FeedViewController.swift in Sources */ = {isa = PBXBuildFile; fileRef = CF7ADF382788FB7D0054F491 /* FeedViewController.swift */; };
		CF7ADF3B278909C80054F491 /* CameraViewController.swift in Sources */ = {isa = PBXBuildFile; fileRef = CF7ADF3A278909C80054F491 /* CameraViewController.swift */; };
		CF7ADF3D278929270054F491 /* PostCell.swift in Sources */ = {isa = PBXBuildFile; fileRef = CF7ADF3C278929270054F491 /* PostCell.swift */; };
/* End PBXBuildFile section */

/* Begin PBXContainerItemProxy section */
		CF7ADF1A2788F1A20054F491 /* PBXContainerItemProxy */ = {
			isa = PBXContainerItemProxy;
			containerPortal = CF7ADEFB2788F19E0054F491 /* Project object */;
			proxyType = 1;
			remoteGlobalIDString = CF7ADF022788F19E0054F491;
			remoteInfo = "Instagram Clone";
		};
		CF7ADF242788F1A20054F491 /* PBXContainerItemProxy */ = {
			isa = PBXContainerItemProxy;
			containerPortal = CF7ADEFB2788F19E0054F491 /* Project object */;
			proxyType = 1;
			remoteGlobalIDString = CF7ADF022788F19E0054F491;
			remoteInfo = "Instagram Clone";
		};
/* End PBXContainerItemProxy section */

/* Begin PBXFileReference section */
		1D252138EF82442A9B547EE0 /* Pods-Instagram Clone.release.xcconfig */ = {isa = PBXFileReference; includeInIndex = 1; lastKnownFileType = text.xcconfig; name = "Pods-Instagram Clone.release.xcconfig"; path = "Target Support Files/Pods-Instagram Clone/Pods-Instagram Clone.release.xcconfig"; sourceTree = "<group>"; };
		45BA367A2FBEEA40E4D1E150 /* Pods-Instagram Clone.debug.xcconfig */ = {isa = PBXFileReference; includeInIndex = 1; lastKnownFileType = text.xcconfig; name = "Pods-Instagram Clone.debug.xcconfig"; path = "Target Support Files/Pods-Instagram Clone/Pods-Instagram Clone.debug.xcconfig"; sourceTree = "<group>"; };
		6BF013EF7F61D41DB21139A8 /* Pods_Instagram_Clone.framework */ = {isa = PBXFileReference; explicitFileType = wrapper.framework; includeInIndex = 0; path = Pods_Instagram_Clone.framework; sourceTree = BUILT_PRODUCTS_DIR; };
		CF029A2A279262D90071F4A6 /* CommentCell.swift */ = {isa = PBXFileReference; lastKnownFileType = sourcecode.swift; path = CommentCell.swift; sourceTree = "<group>"; };
		CF7ADF032788F19E0054F491 /* Instagram Clone.app */ = {isa = PBXFileReference; explicitFileType = wrapper.application; includeInIndex = 0; path = "Instagram Clone.app"; sourceTree = BUILT_PRODUCTS_DIR; };
		CF7ADF062788F19E0054F491 /* AppDelegate.swift */ = {isa = PBXFileReference; lastKnownFileType = sourcecode.swift; path = AppDelegate.swift; sourceTree = "<group>"; };
		CF7ADF082788F19E0054F491 /* SceneDelegate.swift */ = {isa = PBXFileReference; lastKnownFileType = sourcecode.swift; path = SceneDelegate.swift; sourceTree = "<group>"; };
		CF7ADF0D2788F19E0054F491 /* Base */ = {isa = PBXFileReference; lastKnownFileType = file.storyboard; name = Base; path = Base.lproj/Main.storyboard; sourceTree = "<group>"; };
		CF7ADF0F2788F1A20054F491 /* Assets.xcassets */ = {isa = PBXFileReference; lastKnownFileType = folder.assetcatalog; path = Assets.xcassets; sourceTree = "<group>"; };
		CF7ADF122788F1A20054F491 /* Base */ = {isa = PBXFileReference; lastKnownFileType = file.storyboard; name = Base; path = Base.lproj/LaunchScreen.storyboard; sourceTree = "<group>"; };
		CF7ADF142788F1A20054F491 /* Info.plist */ = {isa = PBXFileReference; lastKnownFileType = text.plist.xml; path = Info.plist; sourceTree = "<group>"; };
		CF7ADF192788F1A20054F491 /* Instagram CloneTests.xctest */ = {isa = PBXFileReference; explicitFileType = wrapper.cfbundle; includeInIndex = 0; path = "Instagram CloneTests.xctest"; sourceTree = BUILT_PRODUCTS_DIR; };
		CF7ADF1D2788F1A20054F491 /* Instagram_CloneTests.swift */ = {isa = PBXFileReference; lastKnownFileType = sourcecode.swift; path = Instagram_CloneTests.swift; sourceTree = "<group>"; };
		CF7ADF232788F1A20054F491 /* Instagram CloneUITests.xctest */ = {isa = PBXFileReference; explicitFileType = wrapper.cfbundle; includeInIndex = 0; path = "Instagram CloneUITests.xctest"; sourceTree = BUILT_PRODUCTS_DIR; };
		CF7ADF272788F1A20054F491 /* Instagram_CloneUITests.swift */ = {isa = PBXFileReference; lastKnownFileType = sourcecode.swift; path = Instagram_CloneUITests.swift; sourceTree = "<group>"; };
		CF7ADF292788F1A20054F491 /* Instagram_CloneUITestsLaunchTests.swift */ = {isa = PBXFileReference; lastKnownFileType = sourcecode.swift; path = Instagram_CloneUITestsLaunchTests.swift; sourceTree = "<group>"; };
		CF7ADF362788FB540054F491 /* LoginViewController.swift */ = {isa = PBXFileReference; lastKnownFileType = sourcecode.swift; path = LoginViewController.swift; sourceTree = "<group>"; };
		CF7ADF382788FB7D0054F491 /* FeedViewController.swift */ = {isa = PBXFileReference; lastKnownFileType = sourcecode.swift; path = FeedViewController.swift; sourceTree = "<group>"; };
		CF7ADF3A278909C80054F491 /* CameraViewController.swift */ = {isa = PBXFileReference; lastKnownFileType = sourcecode.swift; path = CameraViewController.swift; sourceTree = "<group>"; };
		CF7ADF3C278929270054F491 /* PostCell.swift */ = {isa = PBXFileReference; lastKnownFileType = sourcecode.swift; path = PostCell.swift; sourceTree = "<group>"; };
/* End PBXFileReference section */

/* Begin PBXFrameworksBuildPhase section */
		CF7ADF002788F19E0054F491 /* Frameworks */ = {
			isa = PBXFrameworksBuildPhase;
			buildActionMask = 2147483647;
			files = (
				602C921C54C3DB60FC4D2FCB /* Pods_Instagram_Clone.framework in Frameworks */,
			);
			runOnlyForDeploymentPostprocessing = 0;
		};
		CF7ADF162788F1A20054F491 /* Frameworks */ = {
			isa = PBXFrameworksBuildPhase;
			buildActionMask = 2147483647;
			files = (
			);
			runOnlyForDeploymentPostprocessing = 0;
		};
		CF7ADF202788F1A20054F491 /* Frameworks */ = {
			isa = PBXFrameworksBuildPhase;
			buildActionMask = 2147483647;
			files = (
			);
			runOnlyForDeploymentPostprocessing = 0;
		};
/* End PBXFrameworksBuildPhase section */

/* Begin PBXGroup section */
		3DEC41B5AA69A0B3E000B9EB /* Frameworks */ = {
			isa = PBXGroup;
			children = (
				6BF013EF7F61D41DB21139A8 /* Pods_Instagram_Clone.framework */,
			);
			name = Frameworks;
			sourceTree = "<group>";
		};
		622BECB5D79B6BED5CFE95A1 /* Pods */ = {
			isa = PBXGroup;
			children = (
				45BA367A2FBEEA40E4D1E150 /* Pods-Instagram Clone.debug.xcconfig */,
				1D252138EF82442A9B547EE0 /* Pods-Instagram Clone.release.xcconfig */,
			);
			path = Pods;
			sourceTree = "<group>";
		};
		CF7ADEFA2788F19E0054F491 = {
			isa = PBXGroup;
			children = (
				CF7ADF052788F19E0054F491 /* Instagram Clone */,
				CF7ADF1C2788F1A20054F491 /* Instagram CloneTests */,
				CF7ADF262788F1A20054F491 /* Instagram CloneUITests */,
				CF7ADF042788F19E0054F491 /* Products */,
				622BECB5D79B6BED5CFE95A1 /* Pods */,
				3DEC41B5AA69A0B3E000B9EB /* Frameworks */,
			);
			sourceTree = "<group>";
		};
		CF7ADF042788F19E0054F491 /* Products */ = {
			isa = PBXGroup;
			children = (
				CF7ADF032788F19E0054F491 /* Instagram Clone.app */,
				CF7ADF192788F1A20054F491 /* Instagram CloneTests.xctest */,
				CF7ADF232788F1A20054F491 /* Instagram CloneUITests.xctest */,
			);
			name = Products;
			sourceTree = "<group>";
		};
		CF7ADF052788F19E0054F491 /* Instagram Clone */ = {
			isa = PBXGroup;
			children = (
				CF7ADF062788F19E0054F491 /* AppDelegate.swift */,
				CF7ADF082788F19E0054F491 /* SceneDelegate.swift */,
				CF7ADF0C2788F19E0054F491 /* Main.storyboard */,
				CF7ADF0F2788F1A20054F491 /* Assets.xcassets */,
				CF7ADF112788F1A20054F491 /* LaunchScreen.storyboard */,
				CF7ADF142788F1A20054F491 /* Info.plist */,
				CF7ADF362788FB540054F491 /* LoginViewController.swift */,
				CF7ADF382788FB7D0054F491 /* FeedViewController.swift */,
				CF7ADF3A278909C80054F491 /* CameraViewController.swift */,
				CF7ADF3C278929270054F491 /* PostCell.swift */,
				CF029A2A279262D90071F4A6 /* CommentCell.swift */,
			);
			path = "Instagram Clone";
			sourceTree = "<group>";
		};
		CF7ADF1C2788F1A20054F491 /* Instagram CloneTests */ = {
			isa = PBXGroup;
			children = (
				CF7ADF1D2788F1A20054F491 /* Instagram_CloneTests.swift */,
			);
			path = "Instagram CloneTests";
			sourceTree = "<group>";
		};
		CF7ADF262788F1A20054F491 /* Instagram CloneUITests */ = {
			isa = PBXGroup;
			children = (
				CF7ADF272788F1A20054F491 /* Instagram_CloneUITests.swift */,
				CF7ADF292788F1A20054F491 /* Instagram_CloneUITestsLaunchTests.swift */,
			);
			path = "Instagram CloneUITests";
			sourceTree = "<group>";
		};
/* End PBXGroup section */

/* Begin PBXNativeTarget section */
		CF7ADF022788F19E0054F491 /* Instagram Clone */ = {
			isa = PBXNativeTarget;
			buildConfigurationList = CF7ADF2D2788F1A20054F491 /* Build configuration list for PBXNativeTarget "Instagram Clone" */;
			buildPhases = (
				2A960E9E80CC070929310CF6 /* [CP] Check Pods Manifest.lock */,
				CF7ADEFF2788F19E0054F491 /* Sources */,
				CF7ADF002788F19E0054F491 /* Frameworks */,
				CF7ADF012788F19E0054F491 /* Resources */,
				89A74DA7E7A4267A85C052D2 /* [CP] Embed Pods Frameworks */,
			);
			buildRules = (
			);
			dependencies = (
			);
			name = "Instagram Clone";
			productName = "Instagram Clone";
			productReference = CF7ADF032788F19E0054F491 /* Instagram Clone.app */;
			productType = "com.apple.product-type.application";
		};
		CF7ADF182788F1A20054F491 /* Instagram CloneTests */ = {
			isa = PBXNativeTarget;
			buildConfigurationList = CF7ADF302788F1A20054F491 /* Build configuration list for PBXNativeTarget "Instagram CloneTests" */;
			buildPhases = (
				CF7ADF152788F1A20054F491 /* Sources */,
				CF7ADF162788F1A20054F491 /* Frameworks */,
				CF7ADF172788F1A20054F491 /* Resources */,
			);
			buildRules = (
			);
			dependencies = (
				CF7ADF1B2788F1A20054F491 /* PBXTargetDependency */,
			);
			name = "Instagram CloneTests";
			productName = "Instagram CloneTests";
			productReference = CF7ADF192788F1A20054F491 /* Instagram CloneTests.xctest */;
			productType = "com.apple.product-type.bundle.unit-test";
		};
		CF7ADF222788F1A20054F491 /* Instagram CloneUITests */ = {
			isa = PBXNativeTarget;
			buildConfigurationList = CF7ADF332788F1A20054F491 /* Build configuration list for PBXNativeTarget "Instagram CloneUITests" */;
			buildPhases = (
				CF7ADF1F2788F1A20054F491 /* Sources */,
				CF7ADF202788F1A20054F491 /* Frameworks */,
				CF7ADF212788F1A20054F491 /* Resources */,
			);
			buildRules = (
			);
			dependencies = (
				CF7ADF252788F1A20054F491 /* PBXTargetDependency */,
			);
			name = "Instagram CloneUITests";
			productName = "Instagram CloneUITests";
			productReference = CF7ADF232788F1A20054F491 /* Instagram CloneUITests.xctest */;
			productType = "com.apple.product-type.bundle.ui-testing";
		};
/* End PBXNativeTarget section */

/* Begin PBXProject section */
		CF7ADEFB2788F19E0054F491 /* Project object */ = {
			isa = PBXProject;
			attributes = {
				BuildIndependentTargetsInParallel = 1;
				LastSwiftUpdateCheck = 1300;
				LastUpgradeCheck = 1300;
				TargetAttributes = {
					CF7ADF022788F19E0054F491 = {
						CreatedOnToolsVersion = 13.0;
					};
					CF7ADF182788F1A20054F491 = {
						CreatedOnToolsVersion = 13.0;
						TestTargetID = CF7ADF022788F19E0054F491;
					};
					CF7ADF222788F1A20054F491 = {
						CreatedOnToolsVersion = 13.0;
						TestTargetID = CF7ADF022788F19E0054F491;
					};
				};
			};
			buildConfigurationList = CF7ADEFE2788F19E0054F491 /* Build configuration list for PBXProject "Instagram Clone" */;
			compatibilityVersion = "Xcode 13.0";
			developmentRegion = en;
			hasScannedForEncodings = 0;
			knownRegions = (
				en,
				Base,
			);
			mainGroup = CF7ADEFA2788F19E0054F491;
			productRefGroup = CF7ADF042788F19E0054F491 /* Products */;
			projectDirPath = "";
			projectRoot = "";
			targets = (
				CF7ADF022788F19E0054F491 /* Instagram Clone */,
				CF7ADF182788F1A20054F491 /* Instagram CloneTests */,
				CF7ADF222788F1A20054F491 /* Instagram CloneUITests */,
			);
		};
/* End PBXProject section */

/* Begin PBXResourcesBuildPhase section */
		CF7ADF012788F19E0054F491 /* Resources */ = {
			isa = PBXResourcesBuildPhase;
			buildActionMask = 2147483647;
			files = (
				CF7ADF132788F1A20054F491 /* LaunchScreen.storyboard in Resources */,
				CF7ADF102788F1A20054F491 /* Assets.xcassets in Resources */,
				CF7ADF0E2788F19E0054F491 /* Main.storyboard in Resources */,
			);
			runOnlyForDeploymentPostprocessing = 0;
		};
		CF7ADF172788F1A20054F491 /* Resources */ = {
			isa = PBXResourcesBuildPhase;
			buildActionMask = 2147483647;
			files = (
			);
			runOnlyForDeploymentPostprocessing = 0;
		};
		CF7ADF212788F1A20054F491 /* Resources */ = {
			isa = PBXResourcesBuildPhase;
			buildActionMask = 2147483647;
			files = (
			);
			runOnlyForDeploymentPostprocessing = 0;
		};
/* End PBXResourcesBuildPhase section */

/* Begin PBXShellScriptBuildPhase section */
		2A960E9E80CC070929310CF6 /* [CP] Check Pods Manifest.lock */ = {
			isa = PBXShellScriptBuildPhase;
			buildActionMask = 2147483647;
			files = (
			);
			inputFileListPaths = (
			);
			inputPaths = (
				"${PODS_PODFILE_DIR_PATH}/Podfile.lock",
				"${PODS_ROOT}/Manifest.lock",
			);
			name = "[CP] Check Pods Manifest.lock";
			outputFileListPaths = (
			);
			outputPaths = (
				"$(DERIVED_FILE_DIR)/Pods-Instagram Clone-checkManifestLockResult.txt",
			);
			runOnlyForDeploymentPostprocessing = 0;
			shellPath = /bin/sh;
			shellScript = "diff \"${PODS_PODFILE_DIR_PATH}/Podfile.lock\" \"${PODS_ROOT}/Manifest.lock\" > /dev/null\nif [ $? != 0 ] ; then\n    # print error to STDERR\n    echo \"error: The sandbox is not in sync with the Podfile.lock. Run 'pod install' or update your CocoaPods installation.\" >&2\n    exit 1\nfi\n# This output is used by Xcode 'outputs' to avoid re-running this script phase.\necho \"SUCCESS\" > \"${SCRIPT_OUTPUT_FILE_0}\"\n";
			showEnvVarsInLog = 0;
		};
		89A74DA7E7A4267A85C052D2 /* [CP] Embed Pods Frameworks */ = {
			isa = PBXShellScriptBuildPhase;
			buildActionMask = 2147483647;
			files = (
			);
			inputFileListPaths = (
				"${PODS_ROOT}/Target Support Files/Pods-Instagram Clone/Pods-Instagram Clone-frameworks-${CONFIGURATION}-input-files.xcfilelist",
			);
			name = "[CP] Embed Pods Frameworks";
			outputFileListPaths = (
				"${PODS_ROOT}/Target Support Files/Pods-Instagram Clone/Pods-Instagram Clone-frameworks-${CONFIGURATION}-output-files.xcfilelist",
			);
			runOnlyForDeploymentPostprocessing = 0;
			shellPath = /bin/sh;
			shellScript = "\"${PODS_ROOT}/Target Support Files/Pods-Instagram Clone/Pods-Instagram Clone-frameworks.sh\"\n";
			showEnvVarsInLog = 0;
		};
/* End PBXShellScriptBuildPhase section */

/* Begin PBXSourcesBuildPhase section */
		CF7ADEFF2788F19E0054F491 /* Sources */ = {
			isa = PBXSourcesBuildPhase;
			buildActionMask = 2147483647;
			files = (
				CF7ADF372788FB540054F491 /* LoginViewController.swift in Sources */,
				CF7ADF3B278909C80054F491 /* CameraViewController.swift in Sources */,
				CF7ADF072788F19E0054F491 /* AppDelegate.swift in Sources */,
				CF7ADF392788FB7D0054F491 /* FeedViewController.swift in Sources */,
				CF7ADF092788F19E0054F491 /* SceneDelegate.swift in Sources */,
				CF7ADF3D278929270054F491 /* PostCell.swift in Sources */,
				CF029A2B279262D90071F4A6 /* CommentCell.swift in Sources */,
			);
			runOnlyForDeploymentPostprocessing = 0;
		};
		CF7ADF152788F1A20054F491 /* Sources */ = {
			isa = PBXSourcesBuildPhase;
			buildActionMask = 2147483647;
			files = (
				CF7ADF1E2788F1A20054F491 /* Instagram_CloneTests.swift in Sources */,
			);
			runOnlyForDeploymentPostprocessing = 0;
		};
		CF7ADF1F2788F1A20054F491 /* Sources */ = {
			isa = PBXSourcesBuildPhase;
			buildActionMask = 2147483647;
			files = (
				CF7ADF282788F1A20054F491 /* Instagram_CloneUITests.swift in Sources */,
				CF7ADF2A2788F1A20054F491 /* Instagram_CloneUITestsLaunchTests.swift in Sources */,
			);
			runOnlyForDeploymentPostprocessing = 0;
		};
/* End PBXSourcesBuildPhase section */

/* Begin PBXTargetDependency section */
		CF7ADF1B2788F1A20054F491 /* PBXTargetDependency */ = {
			isa = PBXTargetDependency;
			target = CF7ADF022788F19E0054F491 /* Instagram Clone */;
			targetProxy = CF7ADF1A2788F1A20054F491 /* PBXContainerItemProxy */;
		};
		CF7ADF252788F1A20054F491 /* PBXTargetDependency */ = {
			isa = PBXTargetDependency;
			target = CF7ADF022788F19E0054F491 /* Instagram Clone */;
			targetProxy = CF7ADF242788F1A20054F491 /* PBXContainerItemProxy */;
		};
/* End PBXTargetDependency section */

/* Begin PBXVariantGroup section */
		CF7ADF0C2788F19E0054F491 /* Main.storyboard */ = {
			isa = PBXVariantGroup;
			children = (
				CF7ADF0D2788F19E0054F491 /* Base */,
			);
			name = Main.storyboard;
			sourceTree = "<group>";
		};
		CF7ADF112788F1A20054F491 /* LaunchScreen.storyboard */ = {
			isa = PBXVariantGroup;
			children = (
				CF7ADF122788F1A20054F491 /* Base */,
			);
			name = LaunchScreen.storyboard;
			sourceTree = "<group>";
		};
/* End PBXVariantGroup section */

/* Begin XCBuildConfiguration section */
		CF7ADF2B2788F1A20054F491 /* Debug */ = {
			isa = XCBuildConfiguration;
			buildSettings = {
				ALWAYS_SEARCH_USER_PATHS = NO;
				CLANG_ANALYZER_NONNULL = YES;
				CLANG_ANALYZER_NUMBER_OBJECT_CONVERSION = YES_AGGRESSIVE;
				CLANG_CXX_LANGUAGE_STANDARD = "gnu++17";
				CLANG_CXX_LIBRARY = "libc++";
				CLANG_ENABLE_MODULES = YES;
				CLANG_ENABLE_OBJC_ARC = YES;
				CLANG_ENABLE_OBJC_WEAK = YES;
				CLANG_WARN_BLOCK_CAPTURE_AUTORELEASING = YES;
				CLANG_WARN_BOOL_CONVERSION = YES;
				CLANG_WARN_COMMA = YES;
				CLANG_WARN_CONSTANT_CONVERSION = YES;
				CLANG_WARN_DEPRECATED_OBJC_IMPLEMENTATIONS = YES;
				CLANG_WARN_DIRECT_OBJC_ISA_USAGE = YES_ERROR;
				CLANG_WARN_DOCUMENTATION_COMMENTS = YES;
				CLANG_WARN_EMPTY_BODY = YES;
				CLANG_WARN_ENUM_CONVERSION = YES;
				CLANG_WARN_INFINITE_RECURSION = YES;
				CLANG_WARN_INT_CONVERSION = YES;
				CLANG_WARN_NON_LITERAL_NULL_CONVERSION = YES;
				CLANG_WARN_OBJC_IMPLICIT_RETAIN_SELF = YES;
				CLANG_WARN_OBJC_LITERAL_CONVERSION = YES;
				CLANG_WARN_OBJC_ROOT_CLASS = YES_ERROR;
				CLANG_WARN_QUOTED_INCLUDE_IN_FRAMEWORK_HEADER = YES;
				CLANG_WARN_RANGE_LOOP_ANALYSIS = YES;
				CLANG_WARN_STRICT_PROTOTYPES = YES;
				CLANG_WARN_SUSPICIOUS_MOVE = YES;
				CLANG_WARN_UNGUARDED_AVAILABILITY = YES_AGGRESSIVE;
				CLANG_WARN_UNREACHABLE_CODE = YES;
				CLANG_WARN__DUPLICATE_METHOD_MATCH = YES;
				COPY_PHASE_STRIP = NO;
				DEBUG_INFORMATION_FORMAT = dwarf;
				ENABLE_STRICT_OBJC_MSGSEND = YES;
				ENABLE_TESTABILITY = YES;
				GCC_C_LANGUAGE_STANDARD = gnu11;
				GCC_DYNAMIC_NO_PIC = NO;
				GCC_NO_COMMON_BLOCKS = YES;
				GCC_OPTIMIZATION_LEVEL = 0;
				GCC_PREPROCESSOR_DEFINITIONS = (
					"DEBUG=1",
					"$(inherited)",
				);
				GCC_WARN_64_TO_32_BIT_CONVERSION = YES;
				GCC_WARN_ABOUT_RETURN_TYPE = YES_ERROR;
				GCC_WARN_UNDECLARED_SELECTOR = YES;
				GCC_WARN_UNINITIALIZED_AUTOS = YES_AGGRESSIVE;
				GCC_WARN_UNUSED_FUNCTION = YES;
				GCC_WARN_UNUSED_VARIABLE = YES;
				IPHONEOS_DEPLOYMENT_TARGET = 15.0;
				MTL_ENABLE_DEBUG_INFO = INCLUDE_SOURCE;
				MTL_FAST_MATH = YES;
				ONLY_ACTIVE_ARCH = YES;
				SDKROOT = iphoneos;
				SWIFT_ACTIVE_COMPILATION_CONDITIONS = DEBUG;
				SWIFT_OPTIMIZATION_LEVEL = "-Onone";
			};
			name = Debug;
		};
		CF7ADF2C2788F1A20054F491 /* Release */ = {
			isa = XCBuildConfiguration;
			buildSettings = {
				ALWAYS_SEARCH_USER_PATHS = NO;
				CLANG_ANALYZER_NONNULL = YES;
				CLANG_ANALYZER_NUMBER_OBJECT_CONVERSION = YES_AGGRESSIVE;
				CLANG_CXX_LANGUAGE_STANDARD = "gnu++17";
				CLANG_CXX_LIBRARY = "libc++";
				CLANG_ENABLE_MODULES = YES;
				CLANG_ENABLE_OBJC_ARC = YES;
				CLANG_ENABLE_OBJC_WEAK = YES;
				CLANG_WARN_BLOCK_CAPTURE_AUTORELEASING = YES;
				CLANG_WARN_BOOL_CONVERSION = YES;
				CLANG_WARN_COMMA = YES;
				CLANG_WARN_CONSTANT_CONVERSION = YES;
				CLANG_WARN_DEPRECATED_OBJC_IMPLEMENTATIONS = YES;
				CLANG_WARN_DIRECT_OBJC_ISA_USAGE = YES_ERROR;
				CLANG_WARN_DOCUMENTATION_COMMENTS = YES;
				CLANG_WARN_EMPTY_BODY = YES;
				CLANG_WARN_ENUM_CONVERSION = YES;
				CLANG_WARN_INFINITE_RECURSION = YES;
				CLANG_WARN_INT_CONVERSION = YES;
				CLANG_WARN_NON_LITERAL_NULL_CONVERSION = YES;
				CLANG_WARN_OBJC_IMPLICIT_RETAIN_SELF = YES;
				CLANG_WARN_OBJC_LITERAL_CONVERSION = YES;
				CLANG_WARN_OBJC_ROOT_CLASS = YES_ERROR;
				CLANG_WARN_QUOTED_INCLUDE_IN_FRAMEWORK_HEADER = YES;
				CLANG_WARN_RANGE_LOOP_ANALYSIS = YES;
				CLANG_WARN_STRICT_PROTOTYPES = YES;
				CLANG_WARN_SUSPICIOUS_MOVE = YES;
				CLANG_WARN_UNGUARDED_AVAILABILITY = YES_AGGRESSIVE;
				CLANG_WARN_UNREACHABLE_CODE = YES;
				CLANG_WARN__DUPLICATE_METHOD_MATCH = YES;
				COPY_PHASE_STRIP = NO;
				DEBUG_INFORMATION_FORMAT = "dwarf-with-dsym";
				ENABLE_NS_ASSERTIONS = NO;
				ENABLE_STRICT_OBJC_MSGSEND = YES;
				GCC_C_LANGUAGE_STANDARD = gnu11;
				GCC_NO_COMMON_BLOCKS = YES;
				GCC_WARN_64_TO_32_BIT_CONVERSION = YES;
				GCC_WARN_ABOUT_RETURN_TYPE = YES_ERROR;
				GCC_WARN_UNDECLARED_SELECTOR = YES;
				GCC_WARN_UNINITIALIZED_AUTOS = YES_AGGRESSIVE;
				GCC_WARN_UNUSED_FUNCTION = YES;
				GCC_WARN_UNUSED_VARIABLE = YES;
				IPHONEOS_DEPLOYMENT_TARGET = 15.0;
				MTL_ENABLE_DEBUG_INFO = NO;
				MTL_FAST_MATH = YES;
				SDKROOT = iphoneos;
				SWIFT_COMPILATION_MODE = wholemodule;
				SWIFT_OPTIMIZATION_LEVEL = "-O";
				VALIDATE_PRODUCT = YES;
			};
			name = Release;
		};
		CF7ADF2E2788F1A20054F491 /* Debug */ = {
			isa = XCBuildConfiguration;
			baseConfigurationReference = 45BA367A2FBEEA40E4D1E150 /* Pods-Instagram Clone.debug.xcconfig */;
			buildSettings = {
				ASSETCATALOG_COMPILER_APPICON_NAME = AppIcon;
				ASSETCATALOG_COMPILER_GLOBAL_ACCENT_COLOR_NAME = AccentColor;
				CODE_SIGN_STYLE = Automatic;
				CURRENT_PROJECT_VERSION = 1;
				DEVELOPMENT_TEAM = FC327GSBQ4;
				GENERATE_INFOPLIST_FILE = YES;
				INFOPLIST_FILE = "Instagram Clone/Info.plist";
				INFOPLIST_KEY_UIApplicationSupportsIndirectInputEvents = YES;
				INFOPLIST_KEY_UILaunchStoryboardName = LaunchScreen;
				INFOPLIST_KEY_UIMainStoryboardFile = Main;
				INFOPLIST_KEY_UISupportedInterfaceOrientations_iPad = "UIInterfaceOrientationPortrait UIInterfaceOrientationPortraitUpsideDown UIInterfaceOrientationLandscapeLeft UIInterfaceOrientationLandscapeRight";
				INFOPLIST_KEY_UISupportedInterfaceOrientations_iPhone = "UIInterfaceOrientationPortrait UIInterfaceOrientationLandscapeLeft UIInterfaceOrientationLandscapeRight";
				LD_RUNPATH_SEARCH_PATHS = (
					"$(inherited)",
					"@executable_path/Frameworks",
				);
				MARKETING_VERSION = 1.0;
				PRODUCT_BUNDLE_IDENTIFIER = "com.rodrigomartinez1477.Instagram-Clone";
				PRODUCT_NAME = "$(TARGET_NAME)";
				SWIFT_EMIT_LOC_STRINGS = YES;
				SWIFT_VERSION = 5.0;
				TARGETED_DEVICE_FAMILY = "1,2";
			};
			name = Debug;
		};
		CF7ADF2F2788F1A20054F491 /* Release */ = {
			isa = XCBuildConfiguration;
			baseConfigurationReference = 1D252138EF82442A9B547EE0 /* Pods-Instagram Clone.release.xcconfig */;
			buildSettings = {
				ASSETCATALOG_COMPILER_APPICON_NAME = AppIcon;
				ASSETCATALOG_COMPILER_GLOBAL_ACCENT_COLOR_NAME = AccentColor;
				CODE_SIGN_STYLE = Automatic;
				CURRENT_PROJECT_VERSION = 1;
				DEVELOPMENT_TEAM = FC327GSBQ4;
				GENERATE_INFOPLIST_FILE = YES;
				INFOPLIST_FILE = "Instagram Clone/Info.plist";
				INFOPLIST_KEY_UIApplicationSupportsIndirectInputEvents = YES;
				INFOPLIST_KEY_UILaunchStoryboardName = LaunchScreen;
				INFOPLIST_KEY_UIMainStoryboardFile = Main;
				INFOPLIST_KEY_UISupportedInterfaceOrientations_iPad = "UIInterfaceOrientationPortrait UIInterfaceOrientationPortraitUpsideDown UIInterfaceOrientationLandscapeLeft UIInterfaceOrientationLandscapeRight";
				INFOPLIST_KEY_UISupportedInterfaceOrientations_iPhone = "UIInterfaceOrientationPortrait UIInterfaceOrientationLandscapeLeft UIInterfaceOrientationLandscapeRight";
				LD_RUNPATH_SEARCH_PATHS = (
					"$(inherited)",
					"@executable_path/Frameworks",
				);
				MARKETING_VERSION = 1.0;
				PRODUCT_BUNDLE_IDENTIFIER = "com.rodrigomartinez1477.Instagram-Clone";
				PRODUCT_NAME = "$(TARGET_NAME)";
				SWIFT_EMIT_LOC_STRINGS = YES;
				SWIFT_VERSION = 5.0;
				TARGETED_DEVICE_FAMILY = "1,2";
			};
			name = Release;
		};
		CF7ADF312788F1A20054F491 /* Debug */ = {
			isa = XCBuildConfiguration;
			buildSettings = {
				ALWAYS_EMBED_SWIFT_STANDARD_LIBRARIES = YES;
				BUNDLE_LOADER = "$(TEST_HOST)";
				CODE_SIGN_STYLE = Automatic;
				CURRENT_PROJECT_VERSION = 1;
				DEVELOPMENT_TEAM = FC327GSBQ4;
				GENERATE_INFOPLIST_FILE = YES;
				IPHONEOS_DEPLOYMENT_TARGET = 15.0;
				LD_RUNPATH_SEARCH_PATHS = (
					"$(inherited)",
					"@executable_path/Frameworks",
					"@loader_path/Frameworks",
				);
				MARKETING_VERSION = 1.0;
				PRODUCT_BUNDLE_IDENTIFIER = "com.rodrigomartinez1477.Instagram-CloneTests";
				PRODUCT_NAME = "$(TARGET_NAME)";
				SWIFT_EMIT_LOC_STRINGS = NO;
				SWIFT_VERSION = 5.0;
				TARGETED_DEVICE_FAMILY = "1,2";
				TEST_HOST = "$(BUILT_PRODUCTS_DIR)/Instagram Clone.app/Instagram Clone";
			};
			name = Debug;
		};
		CF7ADF322788F1A20054F491 /* Release */ = {
			isa = XCBuildConfiguration;
			buildSettings = {
				ALWAYS_EMBED_SWIFT_STANDARD_LIBRARIES = YES;
				BUNDLE_LOADER = "$(TEST_HOST)";
				CODE_SIGN_STYLE = Automatic;
				CURRENT_PROJECT_VERSION = 1;
				DEVELOPMENT_TEAM = FC327GSBQ4;
				GENERATE_INFOPLIST_FILE = YES;
				IPHONEOS_DEPLOYMENT_TARGET = 15.0;
				LD_RUNPATH_SEARCH_PATHS = (
					"$(inherited)",
					"@executable_path/Frameworks",
					"@loader_path/Frameworks",
				);
				MARKETING_VERSION = 1.0;
				PRODUCT_BUNDLE_IDENTIFIER = "com.rodrigomartinez1477.Instagram-CloneTests";
				PRODUCT_NAME = "$(TARGET_NAME)";
				SWIFT_EMIT_LOC_STRINGS = NO;
				SWIFT_VERSION = 5.0;
				TARGETED_DEVICE_FAMILY = "1,2";
				TEST_HOST = "$(BUILT_PRODUCTS_DIR)/Instagram Clone.app/Instagram Clone";
			};
			name = Release;
		};
		CF7ADF342788F1A20054F491 /* Debug */ = {
			isa = XCBuildConfiguration;
			buildSettings = {
				ALWAYS_EMBED_SWIFT_STANDARD_LIBRARIES = YES;
				CODE_SIGN_STYLE = Automatic;
				CURRENT_PROJECT_VERSION = 1;
				DEVELOPMENT_TEAM = FC327GSBQ4;
				GENERATE_INFOPLIST_FILE = YES;
				LD_RUNPATH_SEARCH_PATHS = (
					"$(inherited)",
					"@executable_path/Frameworks",
					"@loader_path/Frameworks",
				);
				MARKETING_VERSION = 1.0;
				PRODUCT_BUNDLE_IDENTIFIER = "com.rodrigomartinez1477.Instagram-CloneUITests";
				PRODUCT_NAME = "$(TARGET_NAME)";
				SWIFT_EMIT_LOC_STRINGS = NO;
				SWIFT_VERSION = 5.0;
				TARGETED_DEVICE_FAMILY = "1,2";
				TEST_TARGET_NAME = "Instagram Clone";
			};
			name = Debug;
		};
		CF7ADF352788F1A20054F491 /* Release */ = {
			isa = XCBuildConfiguration;
			buildSettings = {
				ALWAYS_EMBED_SWIFT_STANDARD_LIBRARIES = YES;
				CODE_SIGN_STYLE = Automatic;
				CURRENT_PROJECT_VERSION = 1;
				DEVELOPMENT_TEAM = FC327GSBQ4;
				GENERATE_INFOPLIST_FILE = YES;
				LD_RUNPATH_SEARCH_PATHS = (
					"$(inherited)",
					"@executable_path/Frameworks",
					"@loader_path/Frameworks",
				);
				MARKETING_VERSION = 1.0;
				PRODUCT_BUNDLE_IDENTIFIER = "com.rodrigomartinez1477.Instagram-CloneUITests";
				PRODUCT_NAME = "$(TARGET_NAME)";
				SWIFT_EMIT_LOC_STRINGS = NO;
				SWIFT_VERSION = 5.0;
				TARGETED_DEVICE_FAMILY = "1,2";
				TEST_TARGET_NAME = "Instagram Clone";
			};
			name = Release;
		};
/* End XCBuildConfiguration section */

/* Begin XCConfigurationList section */
		CF7ADEFE2788F19E0054F491 /* Build configuration list for PBXProject "Instagram Clone" */ = {
			isa = XCConfigurationList;
			buildConfigurations = (
				CF7ADF2B2788F1A20054F491 /* Debug */,
				CF7ADF2C2788F1A20054F491 /* Release */,
			);
			defaultConfigurationIsVisible = 0;
			defaultConfigurationName = Release;
		};
		CF7ADF2D2788F1A20054F491 /* Build configuration list for PBXNativeTarget "Instagram Clone" */ = {
			isa = XCConfigurationList;
			buildConfigurations = (
				CF7ADF2E2788F1A20054F491 /* Debug */,
				CF7ADF2F2788F1A20054F491 /* Release */,
			);
			defaultConfigurationIsVisible = 0;
			defaultConfigurationName = Release;
		};
		CF7ADF302788F1A20054F491 /* Build configuration list for PBXNativeTarget "Instagram CloneTests" */ = {
			isa = XCConfigurationList;
			buildConfigurations = (
				CF7ADF312788F1A20054F491 /* Debug */,
				CF7ADF322788F1A20054F491 /* Release */,
			);
			defaultConfigurationIsVisible = 0;
			defaultConfigurationName = Release;
		};
		CF7ADF332788F1A20054F491 /* Build configuration list for PBXNativeTarget "Instagram CloneUITests" */ = {
			isa = XCConfigurationList;
			buildConfigurations = (
				CF7ADF342788F1A20054F491 /* Debug */,
				CF7ADF352788F1A20054F491 /* Release */,
			);
			defaultConfigurationIsVisible = 0;
			defaultConfigurationName = Release;
		};
/* End XCConfigurationList section */
	};
	rootObject = CF7ADEFB2788F19E0054F491 /* Project object */;
}
